
Microsoft Visual Studio Solution File, Format Version 12.00
# Visual Studio 15
VisualStudioVersion = 15.0.27703.2042
MinimumVisualStudioVersion = 10.0.40219.1
Project("{9A19103F-16F7-4668-BE54-9A1E7A4F7556}") = "KabWikiBot", "KabWikiBot\KabWikiBot.csproj", "{003AD603-C3F5-44AA-8C31-369FAED6E22B}"
EndProject
Project("{9A19103F-16F7-4668-BE54-9A1E7A4F7556}") = "WikiBot", "WikiBot\WikiBot.csproj", "{B765C72A-84DF-4E2E-949B-30728039ED97}"
EndProject
Global
	GlobalSection(SolutionConfigurationPlatforms) = preSolution
		Debug|Any CPU = Debug|Any CPU
		Release|Any CPU = Release|Any CPU
	EndGlobalSection
	GlobalSection(ProjectConfigurationPlatforms) = postSolution
		{003AD603-C3F5-44AA-8C31-369FAED6E22B}.Debug|Any CPU.ActiveCfg = Debug|Any CPU
		{003AD603-C3F5-44AA-8C31-369FAED6E22B}.Debug|Any CPU.Build.0 = Debug|Any CPU
		{003AD603-C3F5-44AA-8C31-369FAED6E22B}.Release|Any CPU.ActiveCfg = Release|Any CPU
		{003AD603-C3F5-44AA-8C31-369FAED6E22B}.Release|Any CPU.Build.0 = Release|Any CPU
		{B765C72A-84DF-4E2E-949B-30728039ED97}.Debug|Any CPU.ActiveCfg = Debug|Any CPU
		{B765C72A-84DF-4E2E-949B-30728039ED97}.Debug|Any CPU.Build.0 = Debug|Any CPU
		{B765C72A-84DF-4E2E-949B-30728039ED97}.Release|Any CPU.ActiveCfg = Release|Any CPU
		{B765C72A-84DF-4E2E-949B-30728039ED97}.Release|Any CPU.Build.0 = Release|Any CPU
	EndGlobalSection
	GlobalSection(SolutionProperties) = preSolution
		HideSolutionNode = FALSE
	EndGlobalSection
	GlobalSection(ExtensibilityGlobals) = postSolution
		SolutionGuid = {FE17DC97-B766-482C-BC9A-6170AEFDC373}
	EndGlobalSection
EndGlobal
